// !$*UTF8*$!
{
	archiveVersion = 1;
	classes = {
	};
	objectVersion = 46;
	objects = {

/* Begin PBXBuildFile section */
		6BE1A5C21A65D71E00C24256 /* AppDelegate.swift in Sources */ = {isa = PBXBuildFile; fileRef = 6BE1A5C11A65D71E00C24256 /* AppDelegate.swift */; };
		6BE1A5C41A65D71E00C24256 /* ViewController.swift in Sources */ = {isa = PBXBuildFile; fileRef = 6BE1A5C31A65D71E00C24256 /* ViewController.swift */; };
		6BE1A5C71A65D71E00C24256 /* Main.storyboard in Resources */ = {isa = PBXBuildFile; fileRef = 6BE1A5C51A65D71E00C24256 /* Main.storyboard */; };
		6BE1A5C91A65D71E00C24256 /* Images.xcassets in Resources */ = {isa = PBXBuildFile; fileRef = 6BE1A5C81A65D71E00C24256 /* Images.xcassets */; };
		6BE1A5CC1A65D71E00C24256 /* LaunchScreen.xib in Resources */ = {isa = PBXBuildFile; fileRef = 6BE1A5CA1A65D71E00C24256 /* LaunchScreen.xib */; };
		6BE1A5D81A65D71E00C24256 /* CustomProtocolsTests.swift in Sources */ = {isa = PBXBuildFile; fileRef = 6BE1A5D71A65D71E00C24256 /* CustomProtocolsTests.swift */; };
		6BE1A5E21A65D7E900C24256 /* SecondViewController.swift in Sources */ = {isa = PBXBuildFile; fileRef = 6BE1A5E11A65D7E900C24256 /* SecondViewController.swift */; };
/* End PBXBuildFile section */

/* Begin PBXContainerItemProxy section */
		6BE1A5D21A65D71E00C24256 /* PBXContainerItemProxy */ = {
			isa = PBXContainerItemProxy;
			containerPortal = 6BE1A5B41A65D71E00C24256 /* Project object */;
			proxyType = 1;
			remoteGlobalIDString = 6BE1A5BB1A65D71E00C24256;
			remoteInfo = CustomProtocols;
		};
/* End PBXContainerItemProxy section */

/* Begin PBXFileReference section */
		6BE1A5BC1A65D71E00C24256 /* CustomProtocols.app */ = {isa = PBXFileReference; explicitFileType = wrapper.application; includeInIndex = 0; path = CustomProtocols.app; sourceTree = BUILT_PRODUCTS_DIR; };
		6BE1A5C01A65D71E00C24256 /* Info.plist */ = {isa = PBXFileReference; lastKnownFileType = text.plist.xml; path = Info.plist; sourceTree = "<group>"; };
		6BE1A5C11A65D71E00C24256 /* AppDelegate.swift */ = {isa = PBXFileReference; lastKnownFileType = sourcecode.swift; path = AppDelegate.swift; sourceTree = "<group>"; };
		6BE1A5C31A65D71E00C24256 /* ViewController.swift */ = {isa = PBXFileReference; lastKnownFileType = sourcecode.swift; path = ViewController.swift; sourceTree = "<group>"; };
		6BE1A5C61A65D71E00C24256 /* Base */ = {isa = PBXFileReference; lastKnownFileType = file.storyboard; name = Base; path = Base.lproj/Main.storyboard; sourceTree = "<group>"; };
		6BE1A5C81A65D71E00C24256 /* Images.xcassets */ = {isa = PBXFileReference; lastKnownFileType = folder.assetcatalog; path = Images.xcassets; sourceTree = "<group>"; };
		6BE1A5CB1A65D71E00C24256 /* Base */ = {isa = PBXFileReference; lastKnownFileType = file.xib; name = Base; path = Base.lproj/LaunchScreen.xib; sourceTree = "<group>"; };
		6BE1A5D11A65D71E00C24256 /* CustomProtocolsTests.xctest */ = {isa = PBXFileReference; explicitFileType = wrapper.cfbundle; includeInIndex = 0; path = CustomProtocolsTests.xctest; sourceTree = BUILT_PRODUCTS_DIR; };
		6BE1A5D61A65D71E00C24256 /* Info.plist */ = {isa = PBXFileReference; lastKnownFileType = text.plist.xml; path = Info.plist; sourceTree = "<group>"; };
		6BE1A5D71A65D71E00C24256 /* CustomProtocolsTests.swift */ = {isa = PBXFileReference; lastKnownFileType = sourcecode.swift; path = CustomProtocolsTests.swift; sourceTree = "<group>"; };
		6BE1A5E11A65D7E900C24256 /* SecondViewController.swift */ = {isa = PBXFileReference; fileEncoding = 4; lastKnownFileType = sourcecode.swift; path = SecondViewController.swift; sourceTree = "<group>"; };
/* End PBXFileReference section */

/* Begin PBXFrameworksBuildPhase section */
		6BE1A5B91A65D71E00C24256 /* Frameworks */ = {
			isa = PBXFrameworksBuildPhase;
			buildActionMask = 2147483647;
			files = (
			);
			runOnlyForDeploymentPostprocessing = 0;
		};
		6BE1A5CE1A65D71E00C24256 /* Frameworks */ = {
			isa = PBXFrameworksBuildPhase;
			buildActionMask = 2147483647;
			files = (
			);
			runOnlyForDeploymentPostprocessing = 0;
		};
/* End PBXFrameworksBuildPhase section */

/* Begin PBXGroup section */
		6BE1A5B31A65D71E00C24256 = {
			isa = PBXGroup;
			children = (
				6BE1A5BE1A65D71E00C24256 /* CustomProtocols */,
				6BE1A5D41A65D71E00C24256 /* CustomProtocolsTests */,
				6BE1A5BD1A65D71E00C24256 /* Products */,
			);
			sourceTree = "<group>";
		};
		6BE1A5BD1A65D71E00C24256 /* Products */ = {
			isa = PBXGroup;
			children = (
				6BE1A5BC1A65D71E00C24256 /* CustomProtocols.app */,
				6BE1A5D11A65D71E00C24256 /* CustomProtocolsTests.xctest */,
			);
			name = Products;
			sourceTree = "<group>";
		};
		6BE1A5BE1A65D71E00C24256 /* CustomProtocols */ = {
			isa = PBXGroup;
			children = (
				6BE1A5C11A65D71E00C24256 /* AppDelegate.swift */,
				6BE1A5C31A65D71E00C24256 /* ViewController.swift */,
				6BE1A5E11A65D7E900C24256 /* SecondViewController.swift */,
				6BE1A5C51A65D71E00C24256 /* Main.storyboard */,
				6BE1A5C81A65D71E00C24256 /* Images.xcassets */,
				6BE1A5CA1A65D71E00C24256 /* LaunchScreen.xib */,
				6BE1A5BF1A65D71E00C24256 /* Supporting Files */,
			);
			path = CustomProtocols;
			sourceTree = "<group>";
		};
		6BE1A5BF1A65D71E00C24256 /* Supporting Files */ = {
			isa = PBXGroup;
			children = (
				6BE1A5C01A65D71E00C24256 /* Info.plist */,
			);
			name = "Supporting Files";
			sourceTree = "<group>";
		};
		6BE1A5D41A65D71E00C24256 /* CustomProtocolsTests */ = {
			isa = PBXGroup;
			children = (
				6BE1A5D71A65D71E00C24256 /* CustomProtocolsTests.swift */,
				6BE1A5D51A65D71E00C24256 /* Supporting Files */,
			);
			path = CustomProtocolsTests;
			sourceTree = "<group>";
		};
		6BE1A5D51A65D71E00C24256 /* Supporting Files */ = {
			isa = PBXGroup;
			children = (
				6BE1A5D61A65D71E00C24256 /* Info.plist */,
			);
			name = "Supporting Files";
			sourceTree = "<group>";
		};
/* End PBXGroup section */

/* Begin PBXNativeTarget section */
		6BE1A5BB1A65D71E00C24256 /* CustomProtocols */ = {
			isa = PBXNativeTarget;
			buildConfigurationList = 6BE1A5DB1A65D71E00C24256 /* Build configuration list for PBXNativeTarget "CustomProtocols" */;
			buildPhases = (
				6BE1A5B81A65D71E00C24256 /* Sources */,
				6BE1A5B91A65D71E00C24256 /* Frameworks */,
				6BE1A5BA1A65D71E00C24256 /* Resources */,
			);
			buildRules = (
			);
			dependencies = (
			);
			name = CustomProtocols;
			productName = CustomProtocols;
			productReference = 6BE1A5BC1A65D71E00C24256 /* CustomProtocols.app */;
			productType = "com.apple.product-type.application";
		};
		6BE1A5D01A65D71E00C24256 /* CustomProtocolsTests */ = {
			isa = PBXNativeTarget;
			buildConfigurationList = 6BE1A5DE1A65D71E00C24256 /* Build configuration list for PBXNativeTarget "CustomProtocolsTests" */;
			buildPhases = (
				6BE1A5CD1A65D71E00C24256 /* Sources */,
				6BE1A5CE1A65D71E00C24256 /* Frameworks */,
				6BE1A5CF1A65D71E00C24256 /* Resources */,
			);
			buildRules = (
			);
			dependencies = (
				6BE1A5D31A65D71E00C24256 /* PBXTargetDependency */,
			);
			name = CustomProtocolsTests;
			productName = CustomProtocolsTests;
			productReference = 6BE1A5D11A65D71E00C24256 /* CustomProtocolsTests.xctest */;
			productType = "com.apple.product-type.bundle.unit-test";
		};
/* End PBXNativeTarget section */

/* Begin PBXProject section */
		6BE1A5B41A65D71E00C24256 /* Project object */ = {
			isa = PBXProject;
			attributes = {
				LastUpgradeCheck = 0610;
				ORGANIZATIONNAME = "Jeff Chavez";
				TargetAttributes = {
					6BE1A5BB1A65D71E00C24256 = {
						CreatedOnToolsVersion = 6.1.1;
					};
					6BE1A5D01A65D71E00C24256 = {
						CreatedOnToolsVersion = 6.1.1;
						TestTargetID = 6BE1A5BB1A65D71E00C24256;
					};
				};
			};
			buildConfigurationList = 6BE1A5B71A65D71E00C24256 /* Build configuration list for PBXProject "CustomProtocols" */;
			compatibilityVersion = "Xcode 3.2";
			developmentRegion = English;
			hasScannedForEncodings = 0;
			knownRegions = (
				en,
				Base,
			);
			mainGroup = 6BE1A5B31A65D71E00C24256;
			productRefGroup = 6BE1A5BD1A65D71E00C24256 /* Products */;
			projectDirPath = "";
			projectRoot = "";
			targets = (
				6BE1A5BB1A65D71E00C24256 /* CustomProtocols */,
				6BE1A5D01A65D71E00C24256 /* CustomProtocolsTests */,
			);
		};
/* End PBXProject section */

/* Begin PBXResourcesBuildPhase section */
		6BE1A5BA1A65D71E00C24256 /* Resources */ = {
			isa = PBXResourcesBuildPhase;
			buildActionMask = 2147483647;
			files = (
				6BE1A5C71A65D71E00C24256 /* Main.storyboard in Resources */,
				6BE1A5CC1A65D71E00C24256 /* LaunchScreen.xib in Resources */,
				6BE1A5C91A65D71E00C24256 /* Images.xcassets in Resources */,
			);
			runOnlyForDeploymentPostprocessing = 0;
		};
		6BE1A5CF1A65D71E00C24256 /* Resources */ = {
			isa = PBXResourcesBuildPhase;
			buildActionMask = 2147483647;
			files = (
			);
			runOnlyForDeploymentPostprocessing = 0;
		};
/* End PBXResourcesBuildPhase section */

/* Begin PBXSourcesBuildPhase section */
		6BE1A5B81A65D71E00C24256 /* Sources */ = {
			isa = PBXSourcesBuildPhase;
			buildActionMask = 2147483647;
			files = (
				6BE1A5E21A65D7E900C24256 /* SecondViewController.swift in Sources */,
				6BE1A5C41A65D71E00C24256 /* ViewController.swift in Sources */,
				6BE1A5C21A65D71E00C24256 /* AppDelegate.swift in Sources */,
			);
			runOnlyForDeploymentPostprocessing = 0;
		};
		6BE1A5CD1A65D71E00C24256 /* Sources */ = {
			isa = PBXSourcesBuildPhase;
			buildActionMask = 2147483647;
			files = (
				6BE1A5D81A65D71E00C24256 /* CustomProtocolsTests.swift in Sources */,
			);
			runOnlyForDeploymentPostprocessing = 0;
		};
/* End PBXSourcesBuildPhase section */

/* Begin PBXTargetDependency section */
		6BE1A5D31A65D71E00C24256 /* PBXTargetDependency */ = {
			isa = PBXTargetDependency;
			target = 6BE1A5BB1A65D71E00C24256 /* CustomProtocols */;
			targetProxy = 6BE1A5D21A65D71E00C24256 /* PBXContainerItemProxy */;
		};
/* End PBXTargetDependency section */

/* Begin PBXVariantGroup section */
		6BE1A5C51A65D71E00C24256 /* Main.storyboard */ = {
			isa = PBXVariantGroup;
			children = (
				6BE1A5C61A65D71E00C24256 /* Base */,
			);
			name = Main.storyboard;
			sourceTree = "<group>";
		};
		6BE1A5CA1A65D71E00C24256 /* LaunchScreen.xib */ = {
			isa = PBXVariantGroup;
			children = (
				6BE1A5CB1A65D71E00C24256 /* Base */,
			);
			name = LaunchScreen.xib;
			sourceTree = "<group>";
		};
/* End PBXVariantGroup section */

/* Begin XCBuildConfiguration section */
		6BE1A5D91A65D71E00C24256 /* Debug */ = {
			isa = XCBuildConfiguration;
			buildSettings = {
				ALWAYS_SEARCH_USER_PATHS = NO;
				CLANG_CXX_LANGUAGE_STANDARD = "gnu++0x";
				CLANG_CXX_LIBRARY = "libc++";
				CLANG_ENABLE_MODULES = YES;
				CLANG_ENABLE_OBJC_ARC = YES;
				CLANG_WARN_BOOL_CONVERSION = YES;
				CLANG_WARN_CONSTANT_CONVERSION = YES;
				CLANG_WARN_DIRECT_OBJC_ISA_USAGE = YES_ERROR;
				CLANG_WARN_EMPTY_BODY = YES;
				CLANG_WARN_ENUM_CONVERSION = YES;
				CLANG_WARN_INT_CONVERSION = YES;
				CLANG_WARN_OBJC_ROOT_CLASS = YES_ERROR;
				CLANG_WARN_UNREACHABLE_CODE = YES;
				CLANG_WARN__DUPLICATE_METHOD_MATCH = YES;
				"CODE_SIGN_IDENTITY[sdk=iphoneos*]" = "iPhone Developer";
				COPY_PHASE_STRIP = NO;
				ENABLE_STRICT_OBJC_MSGSEND = YES;
				GCC_C_LANGUAGE_STANDARD = gnu99;
				GCC_DYNAMIC_NO_PIC = NO;
				GCC_OPTIMIZATION_LEVEL = 0;
				GCC_PREPROCESSOR_DEFINITIONS = (
					"DEBUG=1",
					"$(inherited)",
				);
				GCC_SYMBOLS_PRIVATE_EXTERN = NO;
				GCC_WARN_64_TO_32_BIT_CONVERSION = YES;
				GCC_WARN_ABOUT_RETURN_TYPE = YES_ERROR;
				GCC_WARN_UNDECLARED_SELECTOR = YES;
				GCC_WARN_UNINITIALIZED_AUTOS = YES_AGGRESSIVE;
				GCC_WARN_UNUSED_FUNCTION = YES;
				GCC_WARN_UNUSED_VARIABLE = YES;
				IPHONEOS_DEPLOYMENT_TARGET = 8.1;
				MTL_ENABLE_DEBUG_INFO = YES;
				ONLY_ACTIVE_ARCH = YES;
				SDKROOT = iphoneos;
				SWIFT_OPTIMIZATION_LEVEL = "-Onone";
				TARGETED_DEVICE_FAMILY = "1,2";
			};
			name = Debug;
		};
		6BE1A5DA1A65D71E00C24256 /* Release */ = {
			isa = XCBuildConfiguration;
			buildSettings = {
				ALWAYS_SEARCH_USER_PATHS = NO;
				CLANG_CXX_LANGUAGE_STANDARD = "gnu++0x";
				CLANG_CXX_LIBRARY = "libc++";
				CLANG_ENABLE_MODULES = YES;
				CLANG_ENABLE_OBJC_ARC = YES;
				CLANG_WARN_BOOL_CONVERSION = YES;
				CLANG_WARN_CONSTANT_CONVERSION = YES;
				CLANG_WARN_DIRECT_OBJC_ISA_USAGE = YES_ERROR;
				CLANG_WARN_EMPTY_BODY = YES;
				CLANG_WARN_ENUM_CONVERSION = YES;
				CLANG_WARN_INT_CONVERSION = YES;
				CLANG_WARN_OBJC_ROOT_CLASS = YES_ERROR;
				CLANG_WARN_UNREACHABLE_CODE = YES;
				CLANG_WARN__DUPLICATE_METHOD_MATCH = YES;
				"CODE_SIGN_IDENTITY[sdk=iphoneos*]" = "iPhone Developer";
				COPY_PHASE_STRIP = YES;
				ENABLE_NS_ASSERTIONS = NO;
				ENABLE_STRICT_OBJC_MSGSEND = YES;
				GCC_C_LANGUAGE_STANDARD = gnu99;
				GCC_WARN_64_TO_32_BIT_CONVERSION = YES;
				GCC_WARN_ABOUT_RETURN_TYPE = YES_ERROR;
				GCC_WARN_UNDECLARED_SELECTOR = YES;
				GCC_WARN_UNINITIALIZED_AUTOS = YES_AGGRESSIVE;
				GCC_WARN_UNUSED_FUNCTION = YES;
				GCC_WARN_UNUSED_VARIABLE = YES;
				IPHONEOS_DEPLOYMENT_TARGET = 8.1;
				MTL_ENABLE_DEBUG_INFO = NO;
				SDKROOT = iphoneos;
				TARGETED_DEVICE_FAMILY = "1,2";
				VALIDATE_PRODUCT = YES;
			};
			name = Release;
		};
		6BE1A5DC1A65D71E00C24256 /* Debug */ = {
			isa = XCBuildConfiguration;
			buildSettings = {
				ASSETCATALOG_COMPILER_APPICON_NAME = AppIcon;
				INFOPLIST_FILE = CustomProtocols/Info.plist;
				LD_RUNPATH_SEARCH_PATHS = "$(inherited) @executable_path/Frameworks";
				PRODUCT_NAME = "$(TARGET_NAME)";
			};
			name = Debug;
		};
		6BE1A5DD1A65D71E00C24256 /* Release */ = {
			isa = XCBuildConfiguration;
			buildSettings = {
				ASSETCATALOG_COMPILER_APPICON_NAME = AppIcon;
				INFOPLIST_FILE = CustomProtocols/Info.plist;
				LD_RUNPATH_SEARCH_PATHS = "$(inherited) @executable_path/Frameworks";
				PRODUCT_NAME = "$(TARGET_NAME)";
			};
			name = Release;
		};
		6BE1A5DF1A65D71E00C24256 /* Debug */ = {
			isa = XCBuildConfiguration;
			buildSettings = {
				BUNDLE_LOADER = "$(TEST_HOST)";
				FRAMEWORK_SEARCH_PATHS = (
					"$(SDKROOT)/Developer/Library/Frameworks",
					"$(inherited)",
				);
				GCC_PREPROCESSOR_DEFINITIONS = (
					"DEBUG=1",
					"$(inherited)",
				);
				INFOPLIST_FILE = CustomProtocolsTests/Info.plist;
				LD_RUNPATH_SEARCH_PATHS = "$(inherited) @executable_path/Frameworks @loader_path/Frameworks";
				PRODUCT_NAME = "$(TARGET_NAME)";
				TEST_HOST = "$(BUILT_PRODUCTS_DIR)/CustomProtocols.app/CustomProtocols";
			};
			name = Debug;
		};
		6BE1A5E01A65D71E00C24256 /* Release */ = {
			isa = XCBuildConfiguration;
			buildSettings = {
				BUNDLE_LOADER = "$(TEST_HOST)";
				FRAMEWORK_SEARCH_PATHS = (
					"$(SDKROOT)/Developer/Library/Frameworks",
					"$(inherited)",
				);
				INFOPLIST_FILE = CustomProtocolsTests/Info.plist;
				LD_RUNPATH_SEARCH_PATHS = "$(inherited) @executable_path/Frameworks @loader_path/Frameworks";
				PRODUCT_NAME = "$(TARGET_NAME)";
				TEST_HOST = "$(BUILT_PRODUCTS_DIR)/CustomProtocols.app/CustomProtocols";
			};
			name = Release;
		};
/* End XCBuildConfiguration section */

/* Begin XCConfigurationList section */
		6BE1A5B71A65D71E00C24256 /* Build configuration list for PBXProject "CustomProtocols" */ = {
			isa = XCConfigurationList;
			buildConfigurations = (
				6BE1A5D91A65D71E00C24256 /* Debug */,
				6BE1A5DA1A65D71E00C24256 /* Release */,
			);
			defaultConfigurationIsVisible = 0;
			defaultConfigurationName = Release;
		};
		6BE1A5DB1A65D71E00C24256 /* Build configuration list for PBXNativeTarget "CustomProtocols" */ = {
			isa = XCConfigurationList;
			buildConfigurations = (
				6BE1A5DC1A65D71E00C24256 /* Debug */,
				6BE1A5DD1A65D71E00C24256 /* Release */,
			);
			defaultConfigurationIsVisible = 0;
		};
		6BE1A5DE1A65D71E00C24256 /* Build configuration list for PBXNativeTarget "CustomProtocolsTests" */ = {
			isa = XCConfigurationList;
			buildConfigurations = (
				6BE1A5DF1A65D71E00C24256 /* Debug */,
				6BE1A5E01A65D71E00C24256 /* Release */,
			);
			defaultConfigurationIsVisible = 0;
		};
/* End XCConfigurationList section */
	};
	rootObject = 6BE1A5B41A65D71E00C24256 /* Project object */;
}
